// !$*UTF8*$!
{
	archiveVersion = 1;
	classes = {
	};
	objectVersion = 77;
	objects = {

/* Begin PBXBuildFile section */
		5C3FF02A2DF1A58F001479A5 /* FirebaseAuth in Frameworks */ = {isa = PBXBuildFile; productRef = 5C3FF0292DF1A58F001479A5 /* FirebaseAuth */; };
		5C3FF02C2DF1A58F001479A5 /* FirebaseFirestore in Frameworks */ = {isa = PBXBuildFile; productRef = 5C3FF02B2DF1A58F001479A5 /* FirebaseFirestore */; };
/* End PBXBuildFile section */

/* Begin PBXContainerItemProxy section */
		5C3FF00A2DF1A4F9001479A5 /* PBXContainerItemProxy */ = {
			isa = PBXContainerItemProxy;
			containerPortal = 5C3FEFF32DF1A4F8001479A5 /* Project object */;
			proxyType = 1;
			remoteGlobalIDString = 5C3FEFFA2DF1A4F8001479A5;
			remoteInfo = nauka1;
		};
		5C3FF0142DF1A4F9001479A5 /* PBXContainerItemProxy */ = {
			isa = PBXContainerItemProxy;
			containerPortal = 5C3FEFF32DF1A4F8001479A5 /* Project object */;
			proxyType = 1;
			remoteGlobalIDString = 5C3FEFFA2DF1A4F8001479A5;
			remoteInfo = nauka1;
		};
/* End PBXContainerItemProxy section */

/* Begin PBXFileReference section */
		5C3FEFFB2DF1A4F8001479A5 /* nauka1.app */ = {isa = PBXFileReference; explicitFileType = wrapper.application; includeInIndex = 0; path = nauka1.app; sourceTree = BUILT_PRODUCTS_DIR; };
		5C3FF0092DF1A4F9001479A5 /* nauka1Tests.xctest */ = {isa = PBXFileReference; explicitFileType = wrapper.cfbundle; includeInIndex = 0; path = nauka1Tests.xctest; sourceTree = BUILT_PRODUCTS_DIR; };
		5C3FF0132DF1A4F9001479A5 /* nauka1UITests.xctest */ = {isa = PBXFileReference; explicitFileType = wrapper.cfbundle; includeInIndex = 0; path = nauka1UITests.xctest; sourceTree = BUILT_PRODUCTS_DIR; };
/* End PBXFileReference section */

/* Begin PBXFileSystemSynchronizedRootGroup section */
		5C3FEFFD2DF1A4F8001479A5 /* nauka1 */ = {
			isa = PBXFileSystemSynchronizedRootGroup;
			path = nauka1;
			sourceTree = "<group>";
		};
		5C3FF00C2DF1A4F9001479A5 /* nauka1Tests */ = {
			isa = PBXFileSystemSynchronizedRootGroup;
			path = nauka1Tests;
			sourceTree = "<group>";
		};
		5C3FF0162DF1A4F9001479A5 /* nauka1UITests */ = {
			isa = PBXFileSystemSynchronizedRootGroup;
			path = nauka1UITests;
			sourceTree = "<group>";
		};
/* End PBXFileSystemSynchronizedRootGroup section */

/* Begin PBXFrameworksBuildPhase section */
		5C3FEFF82DF1A4F8001479A5 /* Frameworks */ = {
			isa = PBXFrameworksBuildPhase;
			buildActionMask = 2147483647;
			files = (
				5C3FF02A2DF1A58F001479A5 /* FirebaseAuth in Frameworks */,
				5C3FF02C2DF1A58F001479A5 /* FirebaseFirestore in Frameworks */,
			);
			runOnlyForDeploymentPostprocessing = 0;
		};
		5C3FF0062DF1A4F9001479A5 /* Frameworks */ = {
			isa = PBXFrameworksBuildPhase;
			buildActionMask = 2147483647;
			files = (
			);
			runOnlyForDeploymentPostprocessing = 0;
		};
		5C3FF0102DF1A4F9001479A5 /* Frameworks */ = {
			isa = PBXFrameworksBuildPhase;
			buildActionMask = 2147483647;
			files = (
			);
			runOnlyForDeploymentPostprocessing = 0;
		};
/* End PBXFrameworksBuildPhase section */

/* Begin PBXGroup section */
		5C3FEFF22DF1A4F8001479A5 = {
			isa = PBXGroup;
			children = (
				5C3FEFFD2DF1A4F8001479A5 /* nauka1 */,
				5C3FF00C2DF1A4F9001479A5 /* nauka1Tests */,
				5C3FF0162DF1A4F9001479A5 /* nauka1UITests */,
				5C3FEFFC2DF1A4F8001479A5 /* Products */,
			);
			sourceTree = "<group>";
		};
		5C3FEFFC2DF1A4F8001479A5 /* Products */ = {
			isa = PBXGroup;
			children = (
				5C3FEFFB2DF1A4F8001479A5 /* nauka1.app */,
				5C3FF0092DF1A4F9001479A5 /* nauka1Tests.xctest */,
				5C3FF0132DF1A4F9001479A5 /* nauka1UITests.xctest */,
			);
			name = Products;
			sourceTree = "<group>";
		};
/* End PBXGroup section */

/* Begin PBXNativeTarget section */
		5C3FEFFA2DF1A4F8001479A5 /* nauka1 */ = {
			isa = PBXNativeTarget;
			buildConfigurationList = 5C3FF01D2DF1A4F9001479A5 /* Build configuration list for PBXNativeTarget "nauka1" */;
			buildPhases = (
				5C3FEFF72DF1A4F8001479A5 /* Sources */,
				5C3FEFF82DF1A4F8001479A5 /* Frameworks */,
				5C3FEFF92DF1A4F8001479A5 /* Resources */,
			);
			buildRules = (
			);
			dependencies = (
			);
			fileSystemSynchronizedGroups = (
				5C3FEFFD2DF1A4F8001479A5 /* nauka1 */,
			);
			name = nauka1;
			packageProductDependencies = (
				5C3FF0292DF1A58F001479A5 /* FirebaseAuth */,
				5C3FF02B2DF1A58F001479A5 /* FirebaseFirestore */,
			);
			productName = nauka1;
			productReference = 5C3FEFFB2DF1A4F8001479A5 /* nauka1.app */;
			productType = "com.apple.product-type.application";
		};
		5C3FF0082DF1A4F9001479A5 /* nauka1Tests */ = {
			isa = PBXNativeTarget;
			buildConfigurationList = 5C3FF0202DF1A4F9001479A5 /* Build configuration list for PBXNativeTarget "nauka1Tests" */;
			buildPhases = (
				5C3FF0052DF1A4F9001479A5 /* Sources */,
				5C3FF0062DF1A4F9001479A5 /* Frameworks */,
				5C3FF0072DF1A4F9001479A5 /* Resources */,
			);
			buildRules = (
			);
			dependencies = (
				5C3FF00B2DF1A4F9001479A5 /* PBXTargetDependency */,
			);
			fileSystemSynchronizedGroups = (
				5C3FF00C2DF1A4F9001479A5 /* nauka1Tests */,
			);
			name = nauka1Tests;
			packageProductDependencies = (
			);
			productName = nauka1Tests;
			productReference = 5C3FF0092DF1A4F9001479A5 /* nauka1Tests.xctest */;
			productType = "com.apple.product-type.bundle.unit-test";
		};
		5C3FF0122DF1A4F9001479A5 /* nauka1UITests */ = {
			isa = PBXNativeTarget;
			buildConfigurationList = 5C3FF0232DF1A4F9001479A5 /* Build configuration list for PBXNativeTarget "nauka1UITests" */;
			buildPhases = (
				5C3FF00F2DF1A4F9001479A5 /* Sources */,
				5C3FF0102DF1A4F9001479A5 /* Frameworks */,
				5C3FF0112DF1A4F9001479A5 /* Resources */,
			);
			buildRules = (
			);
			dependencies = (
				5C3FF0152DF1A4F9001479A5 /* PBXTargetDependency */,
			);
			fileSystemSynchronizedGroups = (
				5C3FF0162DF1A4F9001479A5 /* nauka1UITests */,
			);
			name = nauka1UITests;
			packageProductDependencies = (
			);
			productName = nauka1UITests;
			productReference = 5C3FF0132DF1A4F9001479A5 /* nauka1UITests.xctest */;
			productType = "com.apple.product-type.bundle.ui-testing";
		};
/* End PBXNativeTarget section */

/* Begin PBXProject section */
		5C3FEFF32DF1A4F8001479A5 /* Project object */ = {
			isa = PBXProject;
			attributes = {
				BuildIndependentTargetsInParallel = 1;
				LastSwiftUpdateCheck = 1640;
				LastUpgradeCheck = 1640;
				TargetAttributes = {
					5C3FEFFA2DF1A4F8001479A5 = {
						CreatedOnToolsVersion = 16.4;
					};
					5C3FF0082DF1A4F9001479A5 = {
						CreatedOnToolsVersion = 16.4;
						TestTargetID = 5C3FEFFA2DF1A4F8001479A5;
					};
					5C3FF0122DF1A4F9001479A5 = {
						CreatedOnToolsVersion = 16.4;
						TestTargetID = 5C3FEFFA2DF1A4F8001479A5;
					};
				};
			};
			buildConfigurationList = 5C3FEFF62DF1A4F8001479A5 /* Build configuration list for PBXProject "nauka1" */;
			developmentRegion = en;
			hasScannedForEncodings = 0;
			knownRegions = (
				en,
				Base,
			);
			mainGroup = 5C3FEFF22DF1A4F8001479A5;
			minimizedProjectReferenceProxies = 1;
			packageReferences = (
				5C3FF0282DF1A58F001479A5 /* XCRemoteSwiftPackageReference "firebase-ios-sdk" */,
			);
			preferredProjectObjectVersion = 77;
			productRefGroup = 5C3FEFFC2DF1A4F8001479A5 /* Products */;
			projectDirPath = "";
			projectRoot = "";
			targets = (
				5C3FEFFA2DF1A4F8001479A5 /* nauka1 */,
				5C3FF0082DF1A4F9001479A5 /* nauka1Tests */,
				5C3FF0122DF1A4F9001479A5 /* nauka1UITests */,
			);
		};
/* End PBXProject section */

/* Begin PBXResourcesBuildPhase section */
		5C3FEFF92DF1A4F8001479A5 /* Resources */ = {
			isa = PBXResourcesBuildPhase;
			buildActionMask = 2147483647;
			files = (
			);
			runOnlyForDeploymentPostprocessing = 0;
		};
		5C3FF0072DF1A4F9001479A5 /* Resources */ = {
			isa = PBXResourcesBuildPhase;
			buildActionMask = 2147483647;
			files = (
			);
			runOnlyForDeploymentPostprocessing = 0;
		};
		5C3FF0112DF1A4F9001479A5 /* Resources */ = {
			isa = PBXResourcesBuildPhase;
			buildActionMask = 2147483647;
			files = (
			);
			runOnlyForDeploymentPostprocessing = 0;
		};
/* End PBXResourcesBuildPhase section */

/* Begin PBXSourcesBuildPhase section */
		5C3FEFF72DF1A4F8001479A5 /* Sources */ = {
			isa = PBXSourcesBuildPhase;
			buildActionMask = 2147483647;
			files = (
			);
			runOnlyForDeploymentPostprocessing = 0;
		};
		5C3FF0052DF1A4F9001479A5 /* Sources */ = {
			isa = PBXSourcesBuildPhase;
			buildActionMask = 2147483647;
			files = (
			);
			runOnlyForDeploymentPostprocessing = 0;
		};
		5C3FF00F2DF1A4F9001479A5 /* Sources */ = {
			isa = PBXSourcesBuildPhase;
			buildActionMask = 2147483647;
			files = (
			);
			runOnlyForDeploymentPostprocessing = 0;
		};
/* End PBXSourcesBuildPhase section */

/* Begin PBXTargetDependency section */
		5C3FF00B2DF1A4F9001479A5 /* PBXTargetDependency */ = {
			isa = PBXTargetDependency;
			target = 5C3FEFFA2DF1A4F8001479A5 /* nauka1 */;
			targetProxy = 5C3FF00A2DF1A4F9001479A5 /* PBXContainerItemProxy */;
		};
		5C3FF0152DF1A4F9001479A5 /* PBXTargetDependency */ = {
			isa = PBXTargetDependency;
			target = 5C3FEFFA2DF1A4F8001479A5 /* nauka1 */;
			targetProxy = 5C3FF0142DF1A4F9001479A5 /* PBXContainerItemProxy */;
		};
/* End PBXTargetDependency section */

/* Begin XCBuildConfiguration section */
		5C3FF01B2DF1A4F9001479A5 /* Debug */ = {
			isa = XCBuildConfiguration;
			buildSettings = {
				ALWAYS_SEARCH_USER_PATHS = NO;
				ASSETCATALOG_COMPILER_GENERATE_SWIFT_ASSET_SYMBOL_EXTENSIONS = YES;
				CLANG_ANALYZER_NONNULL = YES;
				CLANG_ANALYZER_NUMBER_OBJECT_CONVERSION = YES_AGGRESSIVE;
				CLANG_CXX_LANGUAGE_STANDARD = "gnu++20";
				CLANG_ENABLE_MODULES = YES;
				CLANG_ENABLE_OBJC_ARC = YES;
				CLANG_ENABLE_OBJC_WEAK = YES;
				CLANG_WARN_BLOCK_CAPTURE_AUTORELEASING = YES;
				CLANG_WARN_BOOL_CONVERSION = YES;
				CLANG_WARN_COMMA = YES;
				CLANG_WARN_CONSTANT_CONVERSION = YES;
				CLANG_WARN_DEPRECATED_OBJC_IMPLEMENTATIONS = YES;
				CLANG_WARN_DIRECT_OBJC_ISA_USAGE = YES_ERROR;
				CLANG_WARN_DOCUMENTATION_COMMENTS = YES;
				CLANG_WARN_EMPTY_BODY = YES;
				CLANG_WARN_ENUM_CONVERSION = YES;
				CLANG_WARN_INFINITE_RECURSION = YES;
				CLANG_WARN_INT_CONVERSION = YES;
				CLANG_WARN_NON_LITERAL_NULL_CONVERSION = YES;
				CLANG_WARN_OBJC_IMPLICIT_RETAIN_SELF = YES;
				CLANG_WARN_OBJC_LITERAL_CONVERSION = YES;
				CLANG_WARN_OBJC_ROOT_CLASS = YES_ERROR;
				CLANG_WARN_QUOTED_INCLUDE_IN_FRAMEWORK_HEADER = YES;
				CLANG_WARN_RANGE_LOOP_ANALYSIS = YES;
				CLANG_WARN_STRICT_PROTOTYPES = YES;
				CLANG_WARN_SUSPICIOUS_MOVE = YES;
				CLANG_WARN_UNGUARDED_AVAILABILITY = YES_AGGRESSIVE;
				CLANG_WARN_UNREACHABLE_CODE = YES;
				CLANG_WARN__DUPLICATE_METHOD_MATCH = YES;
				COPY_PHASE_STRIP = NO;
				DEBUG_INFORMATION_FORMAT = dwarf;
				ENABLE_STRICT_OBJC_MSGSEND = YES;
				ENABLE_TESTABILITY = YES;
				ENABLE_USER_SCRIPT_SANDBOXING = YES;
				GCC_C_LANGUAGE_STANDARD = gnu17;
				GCC_DYNAMIC_NO_PIC = NO;
				GCC_NO_COMMON_BLOCKS = YES;
				GCC_OPTIMIZATION_LEVEL = 0;
				GCC_PREPROCESSOR_DEFINITIONS = (
					"DEBUG=1",
					"$(inherited)",
				);
				GCC_WARN_64_TO_32_BIT_CONVERSION = YES;
				GCC_WARN_ABOUT_RETURN_TYPE = YES_ERROR;
				GCC_WARN_UNDECLARED_SELECTOR = YES;
				GCC_WARN_UNINITIALIZED_AUTOS = YES_AGGRESSIVE;
				GCC_WARN_UNUSED_FUNCTION = YES;
				GCC_WARN_UNUSED_VARIABLE = YES;
				LOCALIZATION_PREFERS_STRING_CATALOGS = YES;
				MTL_ENABLE_DEBUG_INFO = INCLUDE_SOURCE;
				MTL_FAST_MATH = YES;
				ONLY_ACTIVE_ARCH = YES;
				SWIFT_ACTIVE_COMPILATION_CONDITIONS = "DEBUG $(inherited)";
				SWIFT_OPTIMIZATION_LEVEL = "-Onone";
			};
			name = Debug;
		};
		5C3FF01C2DF1A4F9001479A5 /* Release */ = {
			isa = XCBuildConfiguration;
			buildSettings = {
				ALWAYS_SEARCH_USER_PATHS = NO;
				ASSETCATALOG_COMPILER_GENERATE_SWIFT_ASSET_SYMBOL_EXTENSIONS = YES;
				CLANG_ANALYZER_NONNULL = YES;
				CLANG_ANALYZER_NUMBER_OBJECT_CONVERSION = YES_AGGRESSIVE;
				CLANG_CXX_LANGUAGE_STANDARD = "gnu++20";
				CLANG_ENABLE_MODULES = YES;
				CLANG_ENABLE_OBJC_ARC = YES;
				CLANG_ENABLE_OBJC_WEAK = YES;
				CLANG_WARN_BLOCK_CAPTURE_AUTORELEASING = YES;
				CLANG_WARN_BOOL_CONVERSION = YES;
				CLANG_WARN_COMMA = YES;
				CLANG_WARN_CONSTANT_CONVERSION = YES;
				CLANG_WARN_DEPRECATED_OBJC_IMPLEMENTATIONS = YES;
				CLANG_WARN_DIRECT_OBJC_ISA_USAGE = YES_ERROR;
				CLANG_WARN_DOCUMENTATION_COMMENTS = YES;
				CLANG_WARN_EMPTY_BODY = YES;
				CLANG_WARN_ENUM_CONVERSION = YES;
				CLANG_WARN_INFINITE_RECURSION = YES;
				CLANG_WARN_INT_CONVERSION = YES;
				CLANG_WARN_NON_LITERAL_NULL_CONVERSION = YES;
				CLANG_WARN_OBJC_IMPLICIT_RETAIN_SELF = YES;
				CLANG_WARN_OBJC_LITERAL_CONVERSION = YES;
				CLANG_WARN_OBJC_ROOT_CLASS = YES_ERROR;
				CLANG_WARN_QUOTED_INCLUDE_IN_FRAMEWORK_HEADER = YES;
				CLANG_WARN_RANGE_LOOP_ANALYSIS = YES;
				CLANG_WARN_STRICT_PROTOTYPES = YES;
				CLANG_WARN_SUSPICIOUS_MOVE = YES;
				CLANG_WARN_UNGUARDED_AVAILABILITY = YES_AGGRESSIVE;
				CLANG_WARN_UNREACHABLE_CODE = YES;
				CLANG_WARN__DUPLICATE_METHOD_MATCH = YES;
				COPY_PHASE_STRIP = NO;
				DEBUG_INFORMATION_FORMAT = "dwarf-with-dsym";
				ENABLE_NS_ASSERTIONS = NO;
				ENABLE_STRICT_OBJC_MSGSEND = YES;
				ENABLE_USER_SCRIPT_SANDBOXING = YES;
				GCC_C_LANGUAGE_STANDARD = gnu17;
				GCC_NO_COMMON_BLOCKS = YES;
				GCC_WARN_64_TO_32_BIT_CONVERSION = YES;
				GCC_WARN_ABOUT_RETURN_TYPE = YES_ERROR;
				GCC_WARN_UNDECLARED_SELECTOR = YES;
				GCC_WARN_UNINITIALIZED_AUTOS = YES_AGGRESSIVE;
				GCC_WARN_UNUSED_FUNCTION = YES;
				GCC_WARN_UNUSED_VARIABLE = YES;
				LOCALIZATION_PREFERS_STRING_CATALOGS = YES;
				MTL_ENABLE_DEBUG_INFO = NO;
				MTL_FAST_MATH = YES;
				SWIFT_COMPILATION_MODE = wholemodule;
			};
			name = Release;
		};
		5C3FF01E2DF1A4F9001479A5 /* Debug */ = {
			isa = XCBuildConfiguration;
			buildSettings = {
				ASSETCATALOG_COMPILER_APPICON_NAME = AppIcon;
				ASSETCATALOG_COMPILER_GLOBAL_ACCENT_COLOR_NAME = AccentColor;
				CODE_SIGN_ENTITLEMENTS = nauka1/nauka1.entitlements;
				CODE_SIGN_STYLE = Automatic;
				CURRENT_PROJECT_VERSION = 1;
				ENABLE_PREVIEWS = YES;
				GENERATE_INFOPLIST_FILE = YES;
				"INFOPLIST_KEY_UIApplicationSceneManifest_Generation[sdk=iphoneos*]" = YES;
				"INFOPLIST_KEY_UIApplicationSceneManifest_Generation[sdk=iphonesimulator*]" = YES;
				"INFOPLIST_KEY_UIApplicationSupportsIndirectInputEvents[sdk=iphoneos*]" = YES;
				"INFOPLIST_KEY_UIApplicationSupportsIndirectInputEvents[sdk=iphonesimulator*]" = YES;
				"INFOPLIST_KEY_UILaunchScreen_Generation[sdk=iphoneos*]" = YES;
				"INFOPLIST_KEY_UILaunchScreen_Generation[sdk=iphonesimulator*]" = YES;
				"INFOPLIST_KEY_UIStatusBarStyle[sdk=iphoneos*]" = UIStatusBarStyleDefault;
				"INFOPLIST_KEY_UIStatusBarStyle[sdk=iphonesimulator*]" = UIStatusBarStyleDefault;
				INFOPLIST_KEY_UISupportedInterfaceOrientations_iPad = "UIInterfaceOrientationPortrait UIInterfaceOrientationPortraitUpsideDown UIInterfaceOrientationLandscapeLeft UIInterfaceOrientationLandscapeRight";
				INFOPLIST_KEY_UISupportedInterfaceOrientations_iPhone = "UIInterfaceOrientationPortrait UIInterfaceOrientationLandscapeLeft UIInterfaceOrientationLandscapeRight";
				IPHONEOS_DEPLOYMENT_TARGET = 18.5;
				LD_RUNPATH_SEARCH_PATHS = "@executable_path/Frameworks";
				"LD_RUNPATH_SEARCH_PATHS[sdk=macosx*]" = "@executable_path/../Frameworks";
				MACOSX_DEPLOYMENT_TARGET = 15.3;
				MARKETING_VERSION = 1.0;
				PRODUCT_BUNDLE_IDENTIFIER = "Micha-.nauka1";
				PRODUCT_NAME = "$(TARGET_NAME)";
				REGISTER_APP_GROUPS = YES;
				SDKROOT = auto;
				SUPPORTED_PLATFORMS = "iphoneos iphonesimulator macosx xros xrsimulator";
				SWIFT_EMIT_LOC_STRINGS = YES;
				SWIFT_VERSION = 5.0;
				TARGETED_DEVICE_FAMILY = "1,2,7";
				XROS_DEPLOYMENT_TARGET = 2.5;
			};
			name = Debug;
		};
		5C3FF01F2DF1A4F9001479A5 /* Release */ = {
			isa = XCBuildConfiguration;
			buildSettings = {
				ASSETCATALOG_COMPILER_APPICON_NAME = AppIcon;
				ASSETCATALOG_COMPILER_GLOBAL_ACCENT_COLOR_NAME = AccentColor;
				CODE_SIGN_ENTITLEMENTS = nauka1/nauka1.entitlements;
				CODE_SIGN_STYLE = Automatic;
				CURRENT_PROJECT_VERSION = 1;
				ENABLE_PREVIEWS = YES;
				GENERATE_INFOPLIST_FILE = YES;
				"INFOPLIST_KEY_UIApplicationSceneManifest_Generation[sdk=iphoneos*]" = YES;
				"INFOPLIST_KEY_UIApplicationSceneManifest_Generation[sdk=iphonesimulator*]" = YES;
				"INFOPLIST_KEY_UIApplicationSupportsIndirectInputEvents[sdk=iphoneos*]" = YES;
				"INFOPLIST_KEY_UIApplicationSupportsIndirectInputEvents[sdk=iphonesimulator*]" = YES;
				"INFOPLIST_KEY_UILaunchScreen_Generation[sdk=iphoneos*]" = YES;
				"INFOPLIST_KEY_UILaunchScreen_Generation[sdk=iphonesimulator*]" = YES;
				"INFOPLIST_KEY_UIStatusBarStyle[sdk=iphoneos*]" = UIStatusBarStyleDefault;
				"INFOPLIST_KEY_UIStatusBarStyle[sdk=iphonesimulator*]" = UIStatusBarStyleDefault;
				INFOPLIST_KEY_UISupportedInterfaceOrientations_iPad = "UIInterfaceOrientationPortrait UIInterfaceOrientationPortraitUpsideDown UIInterfaceOrientationLandscapeLeft UIInterfaceOrientationLandscapeRight";
				INFOPLIST_KEY_UISupportedInterfaceOrientations_iPhone = "UIInterfaceOrientationPortrait UIInterfaceOrientationLandscapeLeft UIInterfaceOrientationLandscapeRight";
				IPHONEOS_DEPLOYMENT_TARGET = 18.5;
				LD_RUNPATH_SEARCH_PATHS = "@executable_path/Frameworks";
				"LD_RUNPATH_SEARCH_PATHS[sdk=macosx*]" = "@executable_path/../Frameworks";
				MACOSX_DEPLOYMENT_TARGET = 15.3;
				MARKETING_VERSION = 1.0;
				PRODUCT_BUNDLE_IDENTIFIER = "Micha-.nauka1";
				PRODUCT_NAME = "$(TARGET_NAME)";
				REGISTER_APP_GROUPS = YES;
				SDKROOT = auto;
				SUPPORTED_PLATFORMS = "iphoneos iphonesimulator macosx xros xrsimulator";
				SWIFT_EMIT_LOC_STRINGS = YES;
				SWIFT_VERSION = 5.0;
				TARGETED_DEVICE_FAMILY = "1,2,7";
				XROS_DEPLOYMENT_TARGET = 2.5;
			};
			name = Release;
		};
		5C3FF0212DF1A4F9001479A5 /* Debug */ = {
			isa = XCBuildConfiguration;
			buildSettings = {
				BUNDLE_LOADER = "$(TEST_HOST)";
				CODE_SIGN_STYLE = Automatic;
				CURRENT_PROJECT_VERSION = 1;
				GENERATE_INFOPLIST_FILE = YES;
				IPHONEOS_DEPLOYMENT_TARGET = 18.5;
				MACOSX_DEPLOYMENT_TARGET = 15.3;
				MARKETING_VERSION = 1.0;
				PRODUCT_BUNDLE_IDENTIFIER = "Micha-.nauka1Tests";
				PRODUCT_NAME = "$(TARGET_NAME)";
				SDKROOT = auto;
				SUPPORTED_PLATFORMS = "iphoneos iphonesimulator macosx xros xrsimulator";
				SWIFT_EMIT_LOC_STRINGS = NO;
				SWIFT_VERSION = 5.0;
				TARGETED_DEVICE_FAMILY = "1,2,7";
				TEST_HOST = "$(BUILT_PRODUCTS_DIR)/nauka1.app/$(BUNDLE_EXECUTABLE_FOLDER_PATH)/nauka1";
				XROS_DEPLOYMENT_TARGET = 2.5;
			};
			name = Debug;
		};
		5C3FF0222DF1A4F9001479A5 /* Release */ = {
			isa = XCBuildConfiguration;
			buildSettings = {
				BUNDLE_LOADER = "$(TEST_HOST)";
				CODE_SIGN_STYLE = Automatic;
				CURRENT_PROJECT_VERSION = 1;
				GENERATE_INFOPLIST_FILE = YES;
				IPHONEOS_DEPLOYMENT_TARGET = 18.5;
				MACOSX_DEPLOYMENT_TARGET = 15.3;
				MARKETING_VERSION = 1.0;
				PRODUCT_BUNDLE_IDENTIFIER = "Micha-.nauka1Tests";
				PRODUCT_NAME = "$(TARGET_NAME)";
				SDKROOT = auto;
				SUPPORTED_PLATFORMS = "iphoneos iphonesimulator macosx xros xrsimulator";
				SWIFT_EMIT_LOC_STRINGS = NO;
				SWIFT_VERSION = 5.0;
				TARGETED_DEVICE_FAMILY = "1,2,7";
				TEST_HOST = "$(BUILT_PRODUCTS_DIR)/nauka1.app/$(BUNDLE_EXECUTABLE_FOLDER_PATH)/nauka1";
				XROS_DEPLOYMENT_TARGET = 2.5;
			};
			name = Release;
		};
		5C3FF0242DF1A4F9001479A5 /* Debug */ = {
			isa = XCBuildConfiguration;
			buildSettings = {
				CODE_SIGN_STYLE = Automatic;
				CURRENT_PROJECT_VERSION = 1;
				GENERATE_INFOPLIST_FILE = YES;
				IPHONEOS_DEPLOYMENT_TARGET = 18.5;
				MACOSX_DEPLOYMENT_TARGET = 15.3;
				MARKETING_VERSION = 1.0;
				PRODUCT_BUNDLE_IDENTIFIER = "Micha-.nauka1UITests";
				PRODUCT_NAME = "$(TARGET_NAME)";
				SDKROOT = auto;
				SUPPORTED_PLATFORMS = "iphoneos iphonesimulator macosx xros xrsimulator";
				SWIFT_EMIT_LOC_STRINGS = NO;
				SWIFT_VERSION = 5.0;
				TARGETED_DEVICE_FAMILY = "1,2,7";
				TEST_TARGET_NAME = nauka1;
				XROS_DEPLOYMENT_TARGET = 2.5;
			};
			name = Debug;
		};
		5C3FF0252DF1A4F9001479A5 /* Release */ = {
			isa = XCBuildConfiguration;
			buildSettings = {
				CODE_SIGN_STYLE = Automatic;
				CURRENT_PROJECT_VERSION = 1;
				GENERATE_INFOPLIST_FILE = YES;
				IPHONEOS_DEPLOYMENT_TARGET = 18.5;
				MACOSX_DEPLOYMENT_TARGET = 15.3;
				MARKETING_VERSION = 1.0;
				PRODUCT_BUNDLE_IDENTIFIER = "Micha-.nauka1UITests";
				PRODUCT_NAME = "$(TARGET_NAME)";
				SDKROOT = auto;
				SUPPORTED_PLATFORMS = "iphoneos iphonesimulator macosx xros xrsimulator";
				SWIFT_EMIT_LOC_STRINGS = NO;
				SWIFT_VERSION = 5.0;
				TARGETED_DEVICE_FAMILY = "1,2,7";
				TEST_TARGET_NAME = nauka1;
				XROS_DEPLOYMENT_TARGET = 2.5;
			};
			name = Release;
		};
/* End XCBuildConfiguration section */

/* Begin XCConfigurationList section */
		5C3FEFF62DF1A4F8001479A5 /* Build configuration list for PBXProject "nauka1" */ = {
			isa = XCConfigurationList;
			buildConfigurations = (
				5C3FF01B2DF1A4F9001479A5 /* Debug */,
				5C3FF01C2DF1A4F9001479A5 /* Release */,
			);
			defaultConfigurationIsVisible = 0;
			defaultConfigurationName = Release;
		};
		5C3FF01D2DF1A4F9001479A5 /* Build configuration list for PBXNativeTarget "nauka1" */ = {
			isa = XCConfigurationList;
			buildConfigurations = (
				5C3FF01E2DF1A4F9001479A5 /* Debug */,
				5C3FF01F2DF1A4F9001479A5 /* Release */,
			);
			defaultConfigurationIsVisible = 0;
			defaultConfigurationName = Release;
		};
		5C3FF0202DF1A4F9001479A5 /* Build configuration list for PBXNativeTarget "nauka1Tests" */ = {
			isa = XCConfigurationList;
			buildConfigurations = (
				5C3FF0212DF1A4F9001479A5 /* Debug */,
				5C3FF0222DF1A4F9001479A5 /* Release */,
			);
			defaultConfigurationIsVisible = 0;
			defaultConfigurationName = Release;
		};
		5C3FF0232DF1A4F9001479A5 /* Build configuration list for PBXNativeTarget "nauka1UITests" */ = {
			isa = XCConfigurationList;
			buildConfigurations = (
				5C3FF0242DF1A4F9001479A5 /* Debug */,
				5C3FF0252DF1A4F9001479A5 /* Release */,
			);
			defaultConfigurationIsVisible = 0;
			defaultConfigurationName = Release;
		};
/* End XCConfigurationList section */

/* Begin XCRemoteSwiftPackageReference section */
		5C3FF0282DF1A58F001479A5 /* XCRemoteSwiftPackageReference "firebase-ios-sdk" */ = {
			isa = XCRemoteSwiftPackageReference;
			repositoryURL = "https://github.com/firebase/firebase-ios-sdk.git";
			requirement = {
				kind = upToNextMajorVersion;
				minimumVersion = 11.14.0;
			};
		};
/* End XCRemoteSwiftPackageReference section */

/* Begin XCSwiftPackageProductDependency section */
		5C3FF0292DF1A58F001479A5 /* FirebaseAuth */ = {
			isa = XCSwiftPackageProductDependency;
			package = 5C3FF0282DF1A58F001479A5 /* XCRemoteSwiftPackageReference "firebase-ios-sdk" */;
			productName = FirebaseAuth;
		};
		5C3FF02B2DF1A58F001479A5 /* FirebaseFirestore */ = {
			isa = XCSwiftPackageProductDependency;
			package = 5C3FF0282DF1A58F001479A5 /* XCRemoteSwiftPackageReference "firebase-ios-sdk" */;
			productName = FirebaseFirestore;
		};
/* End XCSwiftPackageProductDependency section */
	};
	rootObject = 5C3FEFF32DF1A4F8001479A5 /* Project object */;
}
